// !$*UTF8*$!
{
	archiveVersion = 1;
	classes = {
	};
	objectVersion = 50;
	objects = {

/* Begin PBXBuildFile section */
		B70A6B432641A64400870912 /* ThemeSelectionView.swift in Sources */ = {isa = PBXBuildFile; fileRef = B70A6B422641A64400870912 /* ThemeSelectionView.swift */; };
		B711E697263ADD81003BF234 /* Grid.swift in Sources */ = {isa = PBXBuildFile; fileRef = B711E696263ADD81003BF234 /* Grid.swift */; };
		B711E69A263AE567003BF234 /* GridLayout.swift in Sources */ = {isa = PBXBuildFile; fileRef = B711E699263AE567003BF234 /* GridLayout.swift */; };
		B711E69D263AEBE5003BF234 /* Array+Identifiable.swift in Sources */ = {isa = PBXBuildFile; fileRef = B711E69C263AEBE5003BF234 /* Array+Identifiable.swift */; };
		B72A35FB264184A200B0CC32 /* Int+RandomExcludingSome.swift in Sources */ = {isa = PBXBuildFile; fileRef = B72A35FA264184A200B0CC32 /* Int+RandomExcludingSome.swift */; };
		B73186C72633084400A6619A /* memory_card_matching_game_App.swift in Sources */ = {isa = PBXBuildFile; fileRef = B73186C62633084400A6619A /* memory_card_matching_game_App.swift */; };
		B73186C92633084400A6619A /* EmojiMemoryGameView.swift in Sources */ = {isa = PBXBuildFile; fileRef = B73186C82633084400A6619A /* EmojiMemoryGameView.swift */; };
		B73186CB2633084700A6619A /* Assets.xcassets in Resources */ = {isa = PBXBuildFile; fileRef = B73186CA2633084700A6619A /* Assets.xcassets */; };
		B73186CE2633084700A6619A /* Preview Assets.xcassets in Resources */ = {isa = PBXBuildFile; fileRef = B73186CD2633084700A6619A /* Preview Assets.xcassets */; };
		B76CC1C526456582003A76D9 /* ThemeCollection.swift in Sources */ = {isa = PBXBuildFile; fileRef = B76CC1C426456582003A76D9 /* ThemeCollection.swift */; };
		B76CC1C8264567D3003A76D9 /* UIColor+RGBA.swift in Sources */ = {isa = PBXBuildFile; fileRef = B76CC1C7264567D3003A76D9 /* UIColor+RGBA.swift */; };
		B76CC1CB2645688B003A76D9 /* ThemeCollectionManager.swift in Sources */ = {isa = PBXBuildFile; fileRef = B76CC1CA2645688B003A76D9 /* ThemeCollectionManager.swift */; };
		B76CC1D026456BE7003A76D9 /* DefaultThemes.swift in Sources */ = {isa = PBXBuildFile; fileRef = B76CC1CF26456BE7003A76D9 /* DefaultThemes.swift */; };
		B76EF603263D8A7F00C67890 /* Pie.swift in Sources */ = {isa = PBXBuildFile; fileRef = B76EF602263D8A7F00C67890 /* Pie.swift */; };
		B76EF606263D8D4900C67890 /* Cardify.swift in Sources */ = {isa = PBXBuildFile; fileRef = B76EF605263D8D4900C67890 /* Cardify.swift */; };
		B79C8A0D263460A600A507F3 /* MemoryGame.swift in Sources */ = {isa = PBXBuildFile; fileRef = B79C8A0C263460A600A507F3 /* MemoryGame.swift */; };
		B79C8A102634627000A507F3 /* EmojiMemoryGameViewModel.swift in Sources */ = {isa = PBXBuildFile; fileRef = B79C8A0F2634627000A507F3 /* EmojiMemoryGameViewModel.swift */; };
		B7BD260D263BDAA200DC1D1C /* Array+Only.swift in Sources */ = {isa = PBXBuildFile; fileRef = B7BD260C263BDAA200DC1D1C /* Array+Only.swift */; };
		B7E5C0CC2642A86C0060BCD0 /* String+ToArray.swift in Sources */ = {isa = PBXBuildFile; fileRef = B7E5C0CB2642A86C0060BCD0 /* String+ToArray.swift */; };
		B7FE7CE82642887F003EA93A /* ThemeEditorView.swift in Sources */ = {isa = PBXBuildFile; fileRef = B7FE7CE72642887F003EA93A /* ThemeEditorView.swift */; };
/* End PBXBuildFile section */

/* Begin PBXFileReference section */
		B70A6B422641A64400870912 /* ThemeSelectionView.swift */ = {isa = PBXFileReference; lastKnownFileType = sourcecode.swift; path = ThemeSelectionView.swift; sourceTree = "<group>"; };
		B711E696263ADD81003BF234 /* Grid.swift */ = {isa = PBXFileReference; lastKnownFileType = sourcecode.swift; path = Grid.swift; sourceTree = "<group>"; };
		B711E699263AE567003BF234 /* GridLayout.swift */ = {isa = PBXFileReference; fileEncoding = 4; lastKnownFileType = sourcecode.swift; path = GridLayout.swift; sourceTree = "<group>"; };
		B711E69C263AEBE5003BF234 /* Array+Identifiable.swift */ = {isa = PBXFileReference; lastKnownFileType = sourcecode.swift; path = "Array+Identifiable.swift"; sourceTree = "<group>"; };
		B72A35FA264184A200B0CC32 /* Int+RandomExcludingSome.swift */ = {isa = PBXFileReference; lastKnownFileType = sourcecode.swift; path = "Int+RandomExcludingSome.swift"; sourceTree = "<group>"; };
		B73186C32633084400A6619A /* Memory Game.app */ = {isa = PBXFileReference; explicitFileType = wrapper.application; includeInIndex = 0; path = "Memory Game.app"; sourceTree = BUILT_PRODUCTS_DIR; };
		B73186C62633084400A6619A /* memory_card_matching_game_App.swift */ = {isa = PBXFileReference; lastKnownFileType = sourcecode.swift; path = memory_card_matching_game_App.swift; sourceTree = "<group>"; };
		B73186C82633084400A6619A /* EmojiMemoryGameView.swift */ = {isa = PBXFileReference; lastKnownFileType = sourcecode.swift; path = EmojiMemoryGameView.swift; sourceTree = "<group>"; };
		B73186CA2633084700A6619A /* Assets.xcassets */ = {isa = PBXFileReference; lastKnownFileType = folder.assetcatalog; path = Assets.xcassets; sourceTree = "<group>"; };
		B73186CD2633084700A6619A /* Preview Assets.xcassets */ = {isa = PBXFileReference; lastKnownFileType = folder.assetcatalog; path = "Preview Assets.xcassets"; sourceTree = "<group>"; };
		B73186CF2633084700A6619A /* Info.plist */ = {isa = PBXFileReference; lastKnownFileType = text.plist.xml; path = Info.plist; sourceTree = "<group>"; };
		B76CC1C426456582003A76D9 /* ThemeCollection.swift */ = {isa = PBXFileReference; lastKnownFileType = sourcecode.swift; path = ThemeCollection.swift; sourceTree = "<group>"; };
		B76CC1C7264567D3003A76D9 /* UIColor+RGBA.swift */ = {isa = PBXFileReference; fileEncoding = 4; lastKnownFileType = sourcecode.swift; path = "UIColor+RGBA.swift"; sourceTree = "<group>"; };
		B76CC1CA2645688B003A76D9 /* ThemeCollectionManager.swift */ = {isa = PBXFileReference; lastKnownFileType = sourcecode.swift; path = ThemeCollectionManager.swift; sourceTree = "<group>"; };
		B76CC1CF26456BE7003A76D9 /* DefaultThemes.swift */ = {isa = PBXFileReference; lastKnownFileType = sourcecode.swift; path = DefaultThemes.swift; sourceTree = "<group>"; };
		B76EF602263D8A7F00C67890 /* Pie.swift */ = {isa = PBXFileReference; lastKnownFileType = sourcecode.swift; path = Pie.swift; sourceTree = "<group>"; };
		B76EF605263D8D4900C67890 /* Cardify.swift */ = {isa = PBXFileReference; lastKnownFileType = sourcecode.swift; path = Cardify.swift; sourceTree = "<group>"; };
		B79C8A0C263460A600A507F3 /* MemoryGame.swift */ = {isa = PBXFileReference; lastKnownFileType = sourcecode.swift; path = MemoryGame.swift; sourceTree = "<group>"; };
		B79C8A0F2634627000A507F3 /* EmojiMemoryGameViewModel.swift */ = {isa = PBXFileReference; lastKnownFileType = sourcecode.swift; path = EmojiMemoryGameViewModel.swift; sourceTree = "<group>"; };
		B7BD260C263BDAA200DC1D1C /* Array+Only.swift */ = {isa = PBXFileReference; lastKnownFileType = sourcecode.swift; path = "Array+Only.swift"; sourceTree = "<group>"; };
		B7E5C0CB2642A86C0060BCD0 /* String+ToArray.swift */ = {isa = PBXFileReference; lastKnownFileType = sourcecode.swift; path = "String+ToArray.swift"; sourceTree = "<group>"; };
		B7FE7CE72642887F003EA93A /* ThemeEditorView.swift */ = {isa = PBXFileReference; lastKnownFileType = sourcecode.swift; path = ThemeEditorView.swift; sourceTree = "<group>"; };
/* End PBXFileReference section */

/* Begin PBXFrameworksBuildPhase section */
		B73186C02633084400A6619A /* Frameworks */ = {
			isa = PBXFrameworksBuildPhase;
			buildActionMask = 2147483647;
			files = (
			);
			runOnlyForDeploymentPostprocessing = 0;
		};
/* End PBXFrameworksBuildPhase section */

/* Begin PBXGroup section */
		B71A1C34264579C300044306 /* DefaultThemes */ = {
			isa = PBXGroup;
			children = (
				B76CC1CF26456BE7003A76D9 /* DefaultThemes.swift */,
			);
			path = DefaultThemes;
			sourceTree = "<group>";
		};
		B71A1C35264579FB00044306 /* Models */ = {
			isa = PBXGroup;
			children = (
				B79C8A0C263460A600A507F3 /* MemoryGame.swift */,
				B76CC1C426456582003A76D9 /* ThemeCollection.swift */,
			);
			path = Models;
			sourceTree = "<group>";
		};
		B72A35FE264185BF00B0CC32 /* Extensions */ = {
			isa = PBXGroup;
			children = (
				B76CC1C7264567D3003A76D9 /* UIColor+RGBA.swift */,
				B7BD260C263BDAA200DC1D1C /* Array+Only.swift */,
				B711E69C263AEBE5003BF234 /* Array+Identifiable.swift */,
				B72A35FA264184A200B0CC32 /* Int+RandomExcludingSome.swift */,
				B7E5C0CB2642A86C0060BCD0 /* String+ToArray.swift */,
			);
			path = Extensions;
			sourceTree = "<group>";
		};
		B72A35FF264185DF00B0CC32 /* Structs */ = {
			isa = PBXGroup;
			children = (
				B76EF605263D8D4900C67890 /* Cardify.swift */,
				B76EF602263D8A7F00C67890 /* Pie.swift */,
				B711E696263ADD81003BF234 /* Grid.swift */,
				B711E699263AE567003BF234 /* GridLayout.swift */,
			);
			path = Structs;
			sourceTree = "<group>";
		};
		B73186BA2633084400A6619A = {
			isa = PBXGroup;
			children = (
				B73186C52633084400A6619A /* memory-card-matching-game */,
				B73186C42633084400A6619A /* Products */,
			);
			sourceTree = "<group>";
		};
		B73186C42633084400A6619A /* Products */ = {
			isa = PBXGroup;
			children = (
				B73186C32633084400A6619A /* Memory Game.app */,
			);
			name = Products;
			sourceTree = "<group>";
		};
		B73186C52633084400A6619A /* memory-card-matching-game */ = {
			isa = PBXGroup;
			children = (
				B7FE7CE026428766003EA93A /* Views */,
				B7FE7CE326428833003EA93A /* ViewModels */,
				B72A35FF264185DF00B0CC32 /* Structs */,
				B72A35FE264185BF00B0CC32 /* Extensions */,
				B71A1C35264579FB00044306 /* Models */,
				B71A1C34264579C300044306 /* DefaultThemes */,
				B73186CA2633084700A6619A /* Assets.xcassets */,
				B73186C62633084400A6619A /* memory_card_matching_game_App.swift */,
				B73186CF2633084700A6619A /* Info.plist */,
				B73186CC2633084700A6619A /* Preview Content */,
			);
			path = "memory-card-matching-game";
			sourceTree = "<group>";
		};
		B73186CC2633084700A6619A /* Preview Content */ = {
			isa = PBXGroup;
			children = (
				B73186CD2633084700A6619A /* Preview Assets.xcassets */,
			);
			path = "Preview Content";
			sourceTree = "<group>";
		};
		B7FE7CE026428766003EA93A /* Views */ = {
			isa = PBXGroup;
			children = (
				B73186C82633084400A6619A /* EmojiMemoryGameView.swift */,
				B70A6B422641A64400870912 /* ThemeSelectionView.swift */,
				B7FE7CE72642887F003EA93A /* ThemeEditorView.swift */,
			);
			path = Views;
			sourceTree = "<group>";
		};
		B7FE7CE326428833003EA93A /* ViewModels */ = {
			isa = PBXGroup;
			children = (
				B79C8A0F2634627000A507F3 /* EmojiMemoryGameViewModel.swift */,
				B76CC1CA2645688B003A76D9 /* ThemeCollectionManager.swift */,
			);
			path = ViewModels;
			sourceTree = "<group>";
		};
/* End PBXGroup section */

/* Begin PBXNativeTarget section */
		B73186C22633084400A6619A /* Memory Game */ = {
			isa = PBXNativeTarget;
			buildConfigurationList = B73186D22633084700A6619A /* Build configuration list for PBXNativeTarget "Memory Game" */;
			buildPhases = (
				B73186BF2633084400A6619A /* Sources */,
				B73186C02633084400A6619A /* Frameworks */,
				B73186C12633084400A6619A /* Resources */,
			);
			buildRules = (
			);
			dependencies = (
			);
			name = "Memory Game";
			productName = "stanford-1";
			productReference = B73186C32633084400A6619A /* Memory Game.app */;
			productType = "com.apple.product-type.application";
		};
/* End PBXNativeTarget section */

/* Begin PBXProject section */
		B73186BB2633084400A6619A /* Project object */ = {
			isa = PBXProject;
			attributes = {
				LastSwiftUpdateCheck = 1240;
				LastUpgradeCheck = 1240;
				TargetAttributes = {
					B73186C22633084400A6619A = {
						CreatedOnToolsVersion = 12.4;
					};
				};
			};
			buildConfigurationList = B73186BE2633084400A6619A /* Build configuration list for PBXProject "MemoryGame" */;
			compatibilityVersion = "Xcode 9.3";
			developmentRegion = en;
			hasScannedForEncodings = 0;
			knownRegions = (
				en,
				Base,
			);
			mainGroup = B73186BA2633084400A6619A;
			productRefGroup = B73186C42633084400A6619A /* Products */;
			projectDirPath = "";
			projectRoot = "";
			targets = (
				B73186C22633084400A6619A /* Memory Game */,
			);
		};
/* End PBXProject section */

/* Begin PBXResourcesBuildPhase section */
		B73186C12633084400A6619A /* Resources */ = {
			isa = PBXResourcesBuildPhase;
			buildActionMask = 2147483647;
			files = (
				B73186CE2633084700A6619A /* Preview Assets.xcassets in Resources */,
				B73186CB2633084700A6619A /* Assets.xcassets in Resources */,
			);
			runOnlyForDeploymentPostprocessing = 0;
		};
/* End PBXResourcesBuildPhase section */

/* Begin PBXSourcesBuildPhase section */
		B73186BF2633084400A6619A /* Sources */ = {
			isa = PBXSourcesBuildPhase;
			buildActionMask = 2147483647;
			files = (
				B76EF606263D8D4900C67890 /* Cardify.swift in Sources */,
				B76EF603263D8A7F00C67890 /* Pie.swift in Sources */,
				B79C8A0D263460A600A507F3 /* MemoryGame.swift in Sources */,
				B7FE7CE82642887F003EA93A /* ThemeEditorView.swift in Sources */,
				B7E5C0CC2642A86C0060BCD0 /* String+ToArray.swift in Sources */,
				B73186C92633084400A6619A /* EmojiMemoryGameView.swift in Sources */,
				B73186C72633084400A6619A /* memory_card_matching_game_App.swift in Sources */,
				B711E69A263AE567003BF234 /* GridLayout.swift in Sources */,
				B76CC1CB2645688B003A76D9 /* ThemeCollectionManager.swift in Sources */,
				B711E697263ADD81003BF234 /* Grid.swift in Sources */,
				B711E69D263AEBE5003BF234 /* Array+Identifiable.swift in Sources */,
				B70A6B432641A64400870912 /* ThemeSelectionView.swift in Sources */,
				B76CC1C8264567D3003A76D9 /* UIColor+RGBA.swift in Sources */,
				B79C8A102634627000A507F3 /* EmojiMemoryGameViewModel.swift in Sources */,
				B72A35FB264184A200B0CC32 /* Int+RandomExcludingSome.swift in Sources */,
				B7BD260D263BDAA200DC1D1C /* Array+Only.swift in Sources */,
				B76CC1D026456BE7003A76D9 /* DefaultThemes.swift in Sources */,
				B76CC1C526456582003A76D9 /* ThemeCollection.swift in Sources */,
			);
			runOnlyForDeploymentPostprocessing = 0;
		};
/* End PBXSourcesBuildPhase section */

/* Begin XCBuildConfiguration section */
		B73186D02633084700A6619A /* Debug */ = {
			isa = XCBuildConfiguration;
			buildSettings = {
				ALWAYS_SEARCH_USER_PATHS = NO;
				CLANG_ANALYZER_NONNULL = YES;
				CLANG_ANALYZER_NUMBER_OBJECT_CONVERSION = YES_AGGRESSIVE;
				CLANG_CXX_LANGUAGE_STANDARD = "gnu++14";
				CLANG_CXX_LIBRARY = "libc++";
				CLANG_ENABLE_MODULES = YES;
				CLANG_ENABLE_OBJC_ARC = YES;
				CLANG_ENABLE_OBJC_WEAK = YES;
				CLANG_WARN_BLOCK_CAPTURE_AUTORELEASING = YES;
				CLANG_WARN_BOOL_CONVERSION = YES;
				CLANG_WARN_COMMA = YES;
				CLANG_WARN_CONSTANT_CONVERSION = YES;
				CLANG_WARN_DEPRECATED_OBJC_IMPLEMENTATIONS = YES;
				CLANG_WARN_DIRECT_OBJC_ISA_USAGE = YES_ERROR;
				CLANG_WARN_DOCUMENTATION_COMMENTS = YES;
				CLANG_WARN_EMPTY_BODY = YES;
				CLANG_WARN_ENUM_CONVERSION = YES;
				CLANG_WARN_INFINITE_RECURSION = YES;
				CLANG_WARN_INT_CONVERSION = YES;
				CLANG_WARN_NON_LITERAL_NULL_CONVERSION = YES;
				CLANG_WARN_OBJC_IMPLICIT_RETAIN_SELF = YES;
				CLANG_WARN_OBJC_LITERAL_CONVERSION = YES;
				CLANG_WARN_OBJC_ROOT_CLASS = YES_ERROR;
				CLANG_WARN_QUOTED_INCLUDE_IN_FRAMEWORK_HEADER = YES;
				CLANG_WARN_RANGE_LOOP_ANALYSIS = YES;
				CLANG_WARN_STRICT_PROTOTYPES = YES;
				CLANG_WARN_SUSPICIOUS_MOVE = YES;
				CLANG_WARN_UNGUARDED_AVAILABILITY = YES_AGGRESSIVE;
				CLANG_WARN_UNREACHABLE_CODE = YES;
				CLANG_WARN__DUPLICATE_METHOD_MATCH = YES;
				COPY_PHASE_STRIP = NO;
				DEBUG_INFORMATION_FORMAT = dwarf;
				ENABLE_STRICT_OBJC_MSGSEND = YES;
				ENABLE_TESTABILITY = YES;
				GCC_C_LANGUAGE_STANDARD = gnu11;
				GCC_DYNAMIC_NO_PIC = NO;
				GCC_NO_COMMON_BLOCKS = YES;
				GCC_OPTIMIZATION_LEVEL = 0;
				GCC_PREPROCESSOR_DEFINITIONS = (
					"DEBUG=1",
					"$(inherited)",
				);
				GCC_WARN_64_TO_32_BIT_CONVERSION = YES;
				GCC_WARN_ABOUT_RETURN_TYPE = YES_ERROR;
				GCC_WARN_UNDECLARED_SELECTOR = YES;
				GCC_WARN_UNINITIALIZED_AUTOS = YES_AGGRESSIVE;
				GCC_WARN_UNUSED_FUNCTION = YES;
				GCC_WARN_UNUSED_VARIABLE = YES;
				IPHONEOS_DEPLOYMENT_TARGET = 14.4;
				MTL_ENABLE_DEBUG_INFO = INCLUDE_SOURCE;
				MTL_FAST_MATH = YES;
				ONLY_ACTIVE_ARCH = YES;
				SDKROOT = iphoneos;
				SWIFT_ACTIVE_COMPILATION_CONDITIONS = DEBUG;
				SWIFT_OPTIMIZATION_LEVEL = "-Onone";
			};
			name = Debug;
		};
		B73186D12633084700A6619A /* Release */ = {
			isa = XCBuildConfiguration;
			buildSettings = {
				ALWAYS_SEARCH_USER_PATHS = NO;
				CLANG_ANALYZER_NONNULL = YES;
				CLANG_ANALYZER_NUMBER_OBJECT_CONVERSION = YES_AGGRESSIVE;
				CLANG_CXX_LANGUAGE_STANDARD = "gnu++14";
				CLANG_CXX_LIBRARY = "libc++";
				CLANG_ENABLE_MODULES = YES;
				CLANG_ENABLE_OBJC_ARC = YES;
				CLANG_ENABLE_OBJC_WEAK = YES;
				CLANG_WARN_BLOCK_CAPTURE_AUTORELEASING = YES;
				CLANG_WARN_BOOL_CONVERSION = YES;
				CLANG_WARN_COMMA = YES;
				CLANG_WARN_CONSTANT_CONVERSION = YES;
				CLANG_WARN_DEPRECATED_OBJC_IMPLEMENTATIONS = YES;
				CLANG_WARN_DIRECT_OBJC_ISA_USAGE = YES_ERROR;
				CLANG_WARN_DOCUMENTATION_COMMENTS = YES;
				CLANG_WARN_EMPTY_BODY = YES;
				CLANG_WARN_ENUM_CONVERSION = YES;
				CLANG_WARN_INFINITE_RECURSION = YES;
				CLANG_WARN_INT_CONVERSION = YES;
				CLANG_WARN_NON_LITERAL_NULL_CONVERSION = YES;
				CLANG_WARN_OBJC_IMPLICIT_RETAIN_SELF = YES;
				CLANG_WARN_OBJC_LITERAL_CONVERSION = YES;
				CLANG_WARN_OBJC_ROOT_CLASS = YES_ERROR;
				CLANG_WARN_QUOTED_INCLUDE_IN_FRAMEWORK_HEADER = YES;
				CLANG_WARN_RANGE_LOOP_ANALYSIS = YES;
				CLANG_WARN_STRICT_PROTOTYPES = YES;
				CLANG_WARN_SUSPICIOUS_MOVE = YES;
				CLANG_WARN_UNGUARDED_AVAILABILITY = YES_AGGRESSIVE;
				CLANG_WARN_UNREACHABLE_CODE = YES;
				CLANG_WARN__DUPLICATE_METHOD_MATCH = YES;
				COPY_PHASE_STRIP = NO;
				DEBUG_INFORMATION_FORMAT = "dwarf-with-dsym";
				ENABLE_NS_ASSERTIONS = NO;
				ENABLE_STRICT_OBJC_MSGSEND = YES;
				GCC_C_LANGUAGE_STANDARD = gnu11;
				GCC_NO_COMMON_BLOCKS = YES;
				GCC_WARN_64_TO_32_BIT_CONVERSION = YES;
				GCC_WARN_ABOUT_RETURN_TYPE = YES_ERROR;
				GCC_WARN_UNDECLARED_SELECTOR = YES;
				GCC_WARN_UNINITIALIZED_AUTOS = YES_AGGRESSIVE;
				GCC_WARN_UNUSED_FUNCTION = YES;
				GCC_WARN_UNUSED_VARIABLE = YES;
				IPHONEOS_DEPLOYMENT_TARGET = 14.4;
				MTL_ENABLE_DEBUG_INFO = NO;
				MTL_FAST_MATH = YES;
				SDKROOT = iphoneos;
				SWIFT_COMPILATION_MODE = wholemodule;
				SWIFT_OPTIMIZATION_LEVEL = "-O";
				VALIDATE_PRODUCT = YES;
			};
			name = Release;
		};
		B73186D32633084700A6619A /* Debug */ = {
			isa = XCBuildConfiguration;
			buildSettings = {
				ASSETCATALOG_COMPILER_APPICON_NAME = AppIcon;
				ASSETCATALOG_COMPILER_GLOBAL_ACCENT_COLOR_NAME = AccentColor;
				CODE_SIGN_IDENTITY = "iPhone Developer";
				CODE_SIGN_STYLE = Automatic;
				DEVELOPMENT_ASSET_PATHS = "\"memory-card-matching-game/Preview Content\"";
				DEVELOPMENT_TEAM = DF795GCXNS;
				ENABLE_PREVIEWS = YES;
				INFOPLIST_FILE = "memory-card-matching-game/Info.plist";
				IPHONEOS_DEPLOYMENT_TARGET = 14.0;
				LD_RUNPATH_SEARCH_PATHS = (
					"$(inherited)",
					"@executable_path/Frameworks",
				);
				PRODUCT_BUNDLE_IDENTIFIER = archie.memory.game;
				PRODUCT_NAME = "$(TARGET_NAME)";
				SWIFT_VERSION = 5.0;
				TARGETED_DEVICE_FAMILY = "1,2";
			};
			name = Debug;
		};
		B73186D42633084700A6619A /* Release */ = {
			isa = XCBuildConfiguration;
			buildSettings = {
				ASSETCATALOG_COMPILER_APPICON_NAME = AppIcon;
				ASSETCATALOG_COMPILER_GLOBAL_ACCENT_COLOR_NAME = AccentColor;
				CODE_SIGN_IDENTITY = "iPhone Developer";
				CODE_SIGN_STYLE = Automatic;
				DEVELOPMENT_ASSET_PATHS = "\"memory-card-matching-game/Preview Content\"";
				DEVELOPMENT_TEAM = DF795GCXNS;
				ENABLE_PREVIEWS = YES;
				INFOPLIST_FILE = "memory-card-matching-game/Info.plist";
				IPHONEOS_DEPLOYMENT_TARGET = 14.0;
				LD_RUNPATH_SEARCH_PATHS = (
					"$(inherited)",
					"@executable_path/Frameworks",
				);
				PRODUCT_BUNDLE_IDENTIFIER = archie.memory.game;
				PRODUCT_NAME = "$(TARGET_NAME)";
				SWIFT_VERSION = 5.0;
				TARGETED_DEVICE_FAMILY = "1,2";
			};
			name = Release;
		};
/* End XCBuildConfiguration section */

/* Begin XCConfigurationList section */
		B73186BE2633084400A6619A /* Build configuration list for PBXProject "MemoryGame" */ = {
			isa = XCConfigurationList;
			buildConfigurations = (
				B73186D02633084700A6619A /* Debug */,
				B73186D12633084700A6619A /* Release */,
			);
			defaultConfigurationIsVisible = 0;
			defaultConfigurationName = Release;
		};
		B73186D22633084700A6619A /* Build configuration list for PBXNativeTarget "Memory Game" */ = {
			isa = XCConfigurationList;
			buildConfigurations = (
				B73186D32633084700A6619A /* Debug */,
				B73186D42633084700A6619A /* Release */,
			);
			defaultConfigurationIsVisible = 0;
			defaultConfigurationName = Release;
		};
/* End XCConfigurationList section */
	};
	rootObject = B73186BB2633084400A6619A /* Project object */;
}
